// !$*UTF8*$!
{
	archiveVersion = 1;
	classes = {
	};
	objectVersion = 46;
	objects = {

/* Begin PBXBuildFile section */
		B4EAF5A41CCCD32500E90304 /* main.m in Sources */ = {isa = PBXBuildFile; fileRef = B4EAF5A31CCCD32500E90304 /* main.m */; };
		B4EAF5A71CCCD32500E90304 /* AppDelegate.m in Sources */ = {isa = PBXBuildFile; fileRef = B4EAF5A61CCCD32500E90304 /* AppDelegate.m */; };
		B4EAF5AA1CCCD32500E90304 /* ViewController.m in Sources */ = {isa = PBXBuildFile; fileRef = B4EAF5A91CCCD32500E90304 /* ViewController.m */; };
		B4EAF5AD1CCCD32500E90304 /* Main.storyboard in Resources */ = {isa = PBXBuildFile; fileRef = B4EAF5AB1CCCD32500E90304 /* Main.storyboard */; };
		B4EAF5AF1CCCD32500E90304 /* Assets.xcassets in Resources */ = {isa = PBXBuildFile; fileRef = B4EAF5AE1CCCD32500E90304 /* Assets.xcassets */; };
		B4EAF5B21CCCD32500E90304 /* LaunchScreen.storyboard in Resources */ = {isa = PBXBuildFile; fileRef = B4EAF5B01CCCD32500E90304 /* LaunchScreen.storyboard */; };
/* End PBXBuildFile section */

/* Begin PBXFileReference section */
		B4EAF59F1CCCD32500E90304 /* CRTAlgorithm.app */ = {isa = PBXFileReference; explicitFileType = wrapper.application; includeInIndex = 0; path = CRTAlgorithm.app; sourceTree = BUILT_PRODUCTS_DIR; };
		B4EAF5A31CCCD32500E90304 /* main.m */ = {isa = PBXFileReference; lastKnownFileType = sourcecode.c.objc; path = main.m; sourceTree = "<group>"; };
		B4EAF5A51CCCD32500E90304 /* AppDelegate.h */ = {isa = PBXFileReference; lastKnownFileType = sourcecode.c.h; path = AppDelegate.h; sourceTree = "<group>"; };
		B4EAF5A61CCCD32500E90304 /* AppDelegate.m */ = {isa = PBXFileReference; lastKnownFileType = sourcecode.c.objc; path = AppDelegate.m; sourceTree = "<group>"; };
		B4EAF5A81CCCD32500E90304 /* ViewController.h */ = {isa = PBXFileReference; lastKnownFileType = sourcecode.c.h; path = ViewController.h; sourceTree = "<group>"; };
		B4EAF5A91CCCD32500E90304 /* ViewController.m */ = {isa = PBXFileReference; lastKnownFileType = sourcecode.c.objc; path = ViewController.m; sourceTree = "<group>"; };
		B4EAF5AC1CCCD32500E90304 /* Base */ = {isa = PBXFileReference; lastKnownFileType = file.storyboard; name = Base; path = Base.lproj/Main.storyboard; sourceTree = "<group>"; };
		B4EAF5AE1CCCD32500E90304 /* Assets.xcassets */ = {isa = PBXFileReference; lastKnownFileType = folder.assetcatalog; path = Assets.xcassets; sourceTree = "<group>"; };
		B4EAF5B11CCCD32500E90304 /* Base */ = {isa = PBXFileReference; lastKnownFileType = file.storyboard; name = Base; path = Base.lproj/LaunchScreen.storyboard; sourceTree = "<group>"; };
		B4EAF5B31CCCD32500E90304 /* Info.plist */ = {isa = PBXFileReference; lastKnownFileType = text.plist.xml; path = Info.plist; sourceTree = "<group>"; };
/* End PBXFileReference section */

/* Begin PBXFrameworksBuildPhase section */
		B4EAF59C1CCCD32500E90304 /* Frameworks */ = {
			isa = PBXFrameworksBuildPhase;
			buildActionMask = 2147483647;
			files = (
			);
			runOnlyForDeploymentPostprocessing = 0;
		};
/* End PBXFrameworksBuildPhase section */

/* Begin PBXGroup section */
		B4EAF5961CCCD32500E90304 = {
			isa = PBXGroup;
			children = (
				B4EAF5A11CCCD32500E90304 /* CRTAlgorithm */,
				B4EAF5A01CCCD32500E90304 /* Products */,
			);
			sourceTree = "<group>";
		};
		B4EAF5A01CCCD32500E90304 /* Products */ = {
			isa = PBXGroup;
			children = (
				B4EAF59F1CCCD32500E90304 /* CRTAlgorithm.app */,
			);
			name = Products;
			sourceTree = "<group>";
		};
		B4EAF5A11CCCD32500E90304 /* CRTAlgorithm */ = {
			isa = PBXGroup;
			children = (
				B4EAF5A51CCCD32500E90304 /* AppDelegate.h */,
				B4EAF5A61CCCD32500E90304 /* AppDelegate.m */,
				B4EAF5A81CCCD32500E90304 /* ViewController.h */,
				B4EAF5A91CCCD32500E90304 /* ViewController.m */,
				B4EAF5AB1CCCD32500E90304 /* Main.storyboard */,
				B4EAF5AE1CCCD32500E90304 /* Assets.xcassets */,
				B4EAF5B01CCCD32500E90304 /* LaunchScreen.storyboard */,
				B4EAF5B31CCCD32500E90304 /* Info.plist */,
				B4EAF5A21CCCD32500E90304 /* Supporting Files */,
			);
			path = CRTAlgorithm;
			sourceTree = "<group>";
		};
		B4EAF5A21CCCD32500E90304 /* Supporting Files */ = {
			isa = PBXGroup;
			children = (
				B4EAF5A31CCCD32500E90304 /* main.m */,
			);
			name = "Supporting Files";
			sourceTree = "<group>";
		};
/* End PBXGroup section */

/* Begin PBXNativeTarget section */
		B4EAF59E1CCCD32500E90304 /* CRTAlgorithm */ = {
			isa = PBXNativeTarget;
			buildConfigurationList = B4EAF5B61CCCD32500E90304 /* Build configuration list for PBXNativeTarget "CRTAlgorithm" */;
			buildPhases = (
				B4EAF59B1CCCD32500E90304 /* Sources */,
				B4EAF59C1CCCD32500E90304 /* Frameworks */,
				B4EAF59D1CCCD32500E90304 /* Resources */,
			);
			buildRules = (
			);
			dependencies = (
			);
			name = CRTAlgorithm;
			productName = CRTAlgorithm;
			productReference = B4EAF59F1CCCD32500E90304 /* CRTAlgorithm.app */;
			productType = "com.apple.product-type.application";
		};
/* End PBXNativeTarget section */

/* Begin PBXProject section */
		B4EAF5971CCCD32500E90304 /* Project object */ = {
			isa = PBXProject;
			attributes = {
				LastUpgradeCheck = 0730;
				ORGANIZATIONNAME = Bluelich;
				TargetAttributes = {
					B4EAF59E1CCCD32500E90304 = {
						CreatedOnToolsVersion = 7.3;
						DevelopmentTeam = K85X9AAEPA;
					};
				};
			};
			buildConfigurationList = B4EAF59A1CCCD32500E90304 /* Build configuration list for PBXProject "CRTAlgorithm" */;
			compatibilityVersion = "Xcode 3.2";
			developmentRegion = English;
			hasScannedForEncodings = 0;
			knownRegions = (
				en,
				Base,
			);
			mainGroup = B4EAF5961CCCD32500E90304;
			productRefGroup = B4EAF5A01CCCD32500E90304 /* Products */;
			projectDirPath = "";
			projectRoot = "";
			targets = (
				B4EAF59E1CCCD32500E90304 /* CRTAlgorithm */,
			);
		};
/* End PBXProject section */

/* Begin PBXResourcesBuildPhase section */
		B4EAF59D1CCCD32500E90304 /* Resources */ = {
			isa = PBXResourcesBuildPhase;
			buildActionMask = 2147483647;
			files = (
				B4EAF5B21CCCD32500E90304 /* LaunchScreen.storyboard in Resources */,
				B4EAF5AF1CCCD32500E90304 /* Assets.xcassets in Resources */,
				B4EAF5AD1CCCD32500E90304 /* Main.storyboard in Resources */,
			);
			runOnlyForDeploymentPostprocessing = 0;
		};
/* End PBXResourcesBuildPhase section */

/* Begin PBXSourcesBuildPhase section */
		B4EAF59B1CCCD32500E90304 /* Sources */ = {
			isa = PBXSourcesBuildPhase;
			buildActionMask = 2147483647;
			files = (
				B4EAF5AA1CCCD32500E90304 /* ViewController.m in Sources */,
				B4EAF5A71CCCD32500E90304 /* AppDelegate.m in Sources */,
				B4EAF5A41CCCD32500E90304 /* main.m in Sources */,
			);
			runOnlyForDeploymentPostprocessing = 0;
		};
/* End PBXSourcesBuildPhase section */

/* Begin PBXVariantGroup section */
		B4EAF5AB1CCCD32500E90304 /* Main.storyboard */ = {
			isa = PBXVariantGroup;
			children = (
				B4EAF5AC1CCCD32500E90304 /* Base */,
			);
			name = Main.storyboard;
			sourceTree = "<group>";
		};
		B4EAF5B01CCCD32500E90304 /* LaunchScreen.storyboard */ = {
			isa = PBXVariantGroup;
			children = (
				B4EAF5B11CCCD32500E90304 /* Base */,
			);
			name = LaunchScreen.storyboard;
			sourceTree = "<group>";
		};
/* End PBXVariantGroup section */

/* Begin XCBuildConfiguration section */
		B4EAF5B41CCCD32500E90304 /* Debug */ = {
			isa = XCBuildConfiguration;
			buildSettings = {
				ALWAYS_SEARCH_USER_PATHS = NO;
				CLANG_ANALYZER_NONNULL = YES;
				CLANG_CXX_LANGUAGE_STANDARD = "gnu++0x";
				CLANG_CXX_LIBRARY = "libc++";
				CLANG_ENABLE_MODULES = YES;
				CLANG_ENABLE_OBJC_ARC = YES;
				CLANG_WARN_BOOL_CONVERSION = YES;
				CLANG_WARN_CONSTANT_CONVERSION = YES;
				CLANG_WARN_DIRECT_OBJC_ISA_USAGE = YES_ERROR;
				CLANG_WARN_EMPTY_BODY = YES;
				CLANG_WARN_ENUM_CONVERSION = YES;
				CLANG_WARN_INT_CONVERSION = YES;
				CLANG_WARN_OBJC_ROOT_CLASS = YES_ERROR;
				CLANG_WARN_UNREACHABLE_CODE = YES;
				CLANG_WARN__DUPLICATE_METHOD_MATCH = YES;
				"CODE_SIGN_IDENTITY[sdk=iphoneos*]" = "iPhone Developer";
				COPY_PHASE_STRIP = NO;
				DEBUG_INFORMATION_FORMAT = dwarf;
				ENABLE_STRICT_OBJC_MSGSEND = YES;
				ENABLE_TESTABILITY = YES;
				GCC_C_LANGUAGE_STANDARD = gnu99;
				GCC_DYNAMIC_NO_PIC = NO;
				GCC_NO_COMMON_BLOCKS = YES;
				GCC_OPTIMIZATION_LEVEL = 0;
				GCC_PREPROCESSOR_DEFINITIONS = (
					"DEBUG=1",
					"$(inherited)",
				);
				GCC_WARN_64_TO_32_BIT_CONVERSION = YES;
				GCC_WARN_ABOUT_RETURN_TYPE = YES_ERROR;
				GCC_WARN_UNDECLARED_SELECTOR = YES;
				GCC_WARN_UNINITIALIZED_AUTOS = YES_AGGRESSIVE;
				GCC_WARN_UNUSED_FUNCTION = YES;
				GCC_WARN_UNUSED_VARIABLE = YES;
				IPHONEOS_DEPLOYMENT_TARGET = 9.3;
				MTL_ENABLE_DEBUG_INFO = YES;
				ONLY_ACTIVE_ARCH = YES;
				SDKROOT = iphoneos;
				TARGETED_DEVICE_FAMILY = "1,2";
			};
			name = Debug;
		};
		B4EAF5B51CCCD32500E90304 /* Release */ = {
			isa = XCBuildConfiguration;
			buildSettings = {
				ALWAYS_SEARCH_USER_PATHS = NO;
				CLANG_ANALYZER_NONNULL = YES;
				CLANG_CXX_LANGUAGE_STANDARD = "gnu++0x";
				CLANG_CXX_LIBRARY = "libc++";
				CLANG_ENABLE_MODULES = YES;
				CLANG_ENABLE_OBJC_ARC = YES;
				CLANG_WARN_BOOL_CONVERSION = YES;
				CLANG_WARN_CONSTANT_CONVERSION = YES;
				CLANG_WARN_DIRECT_OBJC_ISA_USAGE = YES_ERROR;
				CLANG_WARN_EMPTY_BODY = YES;
				CLANG_WARN_ENUM_CONVERSION = YES;
				CLANG_WARN_INT_CONVERSION = YES;
				CLANG_WARN_OBJC_ROOT_CLASS = YES_ERROR;
				CLANG_WARN_UNREACHABLE_CODE = YES;
				CLANG_WARN__DUPLICATE_METHOD_MATCH = YES;
				"CODE_SIGN_IDENTITY[sdk=iphoneos*]" = "iPhone Developer";
				COPY_PHASE_STRIP = NO;
				DEBUG_INFORMATION_FORMAT = "dwarf-with-dsym";
				ENABLE_NS_ASSERTIONS = NO;
				ENABLE_STRICT_OBJC_MSGSEND = YES;
				GCC_C_LANGUAGE_STANDARD = gnu99;
				GCC_NO_COMMON_BLOCKS = YES;
				GCC_WARN_64_TO_32_BIT_CONVERSION = YES;
				GCC_WARN_ABOUT_RETURN_TYPE = YES_ERROR;
				GCC_WARN_UNDECLARED_SELECTOR = YES;
				GCC_WARN_UNINITIALIZED_AUTOS = YES_AGGRESSIVE;
				GCC_WARN_UNUSED_FUNCTION = YES;
				GCC_WARN_UNUSED_VARIABLE = YES;
				IPHONEOS_DEPLOYMENT_TARGET = 9.3;
				MTL_ENABLE_DEBUG_INFO = NO;
				SDKROOT = iphoneos;
				TARGETED_DEVICE_FAMILY = "1,2";
				VALIDATE_PRODUCT = YES;
			};
			name = Release;
		};
		B4EAF5B71CCCD32500E90304 /* Debug */ = {
			isa = XCBuildConfiguration;
			buildSettings = {
				ASSETCATALOG_COMPILER_APPICON_NAME = AppIcon;
				INFOPLIST_FILE = CRTAlgorithm/Info.plist;
				LD_RUNPATH_SEARCH_PATHS = "$(inherited) @executable_path/Frameworks";
				PRODUCT_BUNDLE_IDENTIFIER = Bluelich.CRTAlgorithm;
				PRODUCT_NAME = "$(TARGET_NAME)";
			};
			name = Debug;
		};
		B4EAF5B81CCCD32500E90304 /* Release */ = {
			isa = XCBuildConfiguration;
			buildSettings = {
				ASSETCATALOG_COMPILER_APPICON_NAME = AppIcon;
				INFOPLIST_FILE = CRTAlgorithm/Info.plist;
				LD_RUNPATH_SEARCH_PATHS = "$(inherited) @executable_path/Frameworks";
				PRODUCT_BUNDLE_IDENTIFIER = Bluelich.CRTAlgorithm;
				PRODUCT_NAME = "$(TARGET_NAME)";
			};
			name = Release;
		};
/* End XCBuildConfiguration section */

/* Begin XCConfigurationList section */
		B4EAF59A1CCCD32500E90304 /* Build configuration list for PBXProject "CRTAlgorithm" */ = {
			isa = XCConfigurationList;
			buildConfigurations = (
				B4EAF5B41CCCD32500E90304 /* Debug */,
				B4EAF5B51CCCD32500E90304 /* Release */,
			);
			defaultConfigurationIsVisible = 0;
			defaultConfigurationName = Release;
		};
		B4EAF5B61CCCD32500E90304 /* Build configuration list for PBXNativeTarget "CRTAlgorithm" */ = {
			isa = XCConfigurationList;
			buildConfigurations = (
				B4EAF5B71CCCD32500E90304 /* Debug */,
				B4EAF5B81CCCD32500E90304 /* Release */,
			);
			defaultConfigurationIsVisible = 0;
		};
/* End XCConfigurationList section */
	};
	rootObject = B4EAF5971CCCD32500E90304 /* Project object */;
}
